
Microsoft Visual Studio Solution File, Format Version 12.00
# Visual Studio Version 16
VisualStudioVersion = 16.0.31402.337
MinimumVisualStudioVersion = 10.0.40219.1
Project("{FAE04EC0-301F-11D3-BF4B-00C04F79EFBC}") = "PMcCRACKEN_FramewordConsoleApp", "PMcCRACKEN_FramewordConsoleApp.csproj", "{B4B788C9-EB00-4086-AADA-CA69F206EEFA}"
EndProject
Project("{FAE04EC0-301F-11D3-BF4B-00C04F79EFBC}") = "UnitTestProject_ForGDCIT", "..\UnitTestProject_ForGDCIT\UnitTestProject_ForGDCIT.csproj", "{4EB64EE6-D600-43CD-BFBA-6ADB3BB55E29}"
EndProject
Global
	GlobalSection(SolutionConfigurationPlatforms) = preSolution
		Debug|Any CPU = Debug|Any CPU
		Release|Any CPU = Release|Any CPU
	EndGlobalSection
	GlobalSection(ProjectConfigurationPlatforms) = postSolution
		{B4B788C9-EB00-4086-AADA-CA69F206EEFA}.Debug|Any CPU.ActiveCfg = Debug|Any CPU
		{B4B788C9-EB00-4086-AADA-CA69F206EEFA}.Debug|Any CPU.Build.0 = Debug|Any CPU
		{B4B788C9-EB00-4086-AADA-CA69F206EEFA}.Release|Any CPU.ActiveCfg = Release|Any CPU
		{B4B788C9-EB00-4086-AADA-CA69F206EEFA}.Release|Any CPU.Build.0 = Release|Any CPU
		{4EB64EE6-D600-43CD-BFBA-6ADB3BB55E29}.Debug|Any CPU.ActiveCfg = Debug|Any CPU
		{4EB64EE6-D600-43CD-BFBA-6ADB3BB55E29}.Debug|Any CPU.Build.0 = Debug|Any CPU
		{4EB64EE6-D600-43CD-BFBA-6ADB3BB55E29}.Release|Any CPU.ActiveCfg = Release|Any CPU
		{4EB64EE6-D600-43CD-BFBA-6ADB3BB55E29}.Release|Any CPU.Build.0 = Release|Any CPU
	EndGlobalSection
	GlobalSection(SolutionProperties) = preSolution
		HideSolutionNode = FALSE
	EndGlobalSection
	GlobalSection(ExtensibilityGlobals) = postSolution
		SolutionGuid = {AEF42782-E051-4DAC-80CC-D51FA1072CA1}
	EndGlobalSection
EndGlobal
